{
  "name": "uni-admin 基础框架（原名 uniCloud admin）",
  "version": "2.5.7",
  "lockfileVersion": 3,
  "requires": true,
  "packages": {
    "": {
      "name": "uni-admin 基础框架（原名 uniCloud admin）",
      "version": "2.5.7",
      "license": "MIT",
      "dependencies": {
        "@dcloudio/uni-ui": "^1.5.11",
        "uuid": "^13.0.0"
      },
      "engines": {
        "HBuilderX": "^3.6.0",
        "uni-app": "^4.36",
        "uni-app-x": ""
      }
    },
    "node_modules/@dcloudio/uni-ui": {
      "version": "1.5.11",
      "resolved": "https://registry.npmjs.org/@dcloudio/uni-ui/-/uni-ui-1.5.11.tgz",
      "integrity": "sha512-DBtk046ofmeFd82zRI7d89SoEwrAxYzUN3WVPm1DIBkpLPG5F5QDNkHMnZGu2wNrMEmGBjBpUh3vqEY1L3jaMw==",
      "license": "Apache-2.0"
    },
    "node_modules/uuid": {
      "version": "13.0.0",
      "resolved": "https://registry.npmjs.org/uuid/-/uuid-13.0.0.tgz",
      "integrity": "sha512-XQegIaBTVUjSHliKqcnFqYypAd4S+WCYt5NIeRs6w/UAry7z8Y9j5ZwRRL4kzq9U3sD6v+85er9FvkEaBpji2w==",
      "funding": [
        "https://github.com/sponsors/broofa",
        "https://github.com/sponsors/ctavan"
      ],
      "license": "MIT",
      "bin": {
        "uuid": "dist-node/bin/uuid"
      }
    }
  }
}
